# @generated - this file is auto-generated by `mise lock` https://mise.jdx.dev/dev-tools/mise-lock.html

[[tools.swiftformat]]
version = "0.62.1"
backend = "github:nicklockwood/SwiftFormat"

[tools.swiftformat.options]
no_app = "true"

[tools.swiftformat."platforms.macos-arm64"]
checksum = "sha256:7cb1cb1fae04932047c7015441c543848e8e60e1572d808d080e0a1f1661114a"
url = "https://github.com/nicklockwood/SwiftFormat/releases/download/0.62.1/swiftformat.zip"
url_api = "https://api.github.com/repos/nicklockwood/SwiftFormat/releases/assets/469280411"

[tools.swiftformat."platforms.macos-x64"]
checksum = "sha256:7cb1cb1fae04932047c7015441c543848e8e60e1572d808d080e0a1f1661114a"
url = "https://github.com/nicklockwood/SwiftFormat/releases/download/0.62.1/swiftformat.zip"
url_api = "https://api.github.com/repos/nicklockwood/SwiftFormat/releases/assets/469280411"

[[tools.swiftlint]]
version = "0.63.2"
backend = "aqua:realm/SwiftLint"

[tools.swiftlint."platforms.macos-arm64"]
checksum = "sha256:c59a405c85f95b92ced677a500804e081596a4cae4a6a485af76065557d6ed29"
url = "https://github.com/realm/SwiftLint/releases/download/0.63.2/portable_swiftlint.zip"
url_api = "https://api.github.com/repos/realm/SwiftLint/releases/assets/346234917"

[tools.swiftlint."platforms.macos-x64"]
checksum = "sha256:c59a405c85f95b92ced677a500804e081596a4cae4a6a485af76065557d6ed29"
url = "https://github.com/realm/SwiftLint/releases/download/0.63.2/portable_swiftlint.zip"
url_api = "https://api.github.com/repos/realm/SwiftLint/releases/assets/346234917"
