{
  "originHash" : "43993aa66061e441c3f6ffe197588e6928cfee3deea620618a21f836ddcd4ab5",
  "pins" : [
    {
      "identity" : "indexstore-db",
      "kind" : "remoteSourceControl",
      "location" : "https://github.com/swiftlang/indexstore-db.git",
      "state" : {
        "revision" : "003ac41513ba291f10ff1a0147ae68588914668d"
      }
    },
    {
      "identity" : "rainbow",
      "kind" : "remoteSourceControl",
      "location" : "https://github.com/onevcat/Rainbow.git",
      "state" : {
        "revision" : "0c627a4f8a39ef37eadec1ceec02e4a7f55561ac",
        "version" : "4.1.0"
      }
    },
    {
      "identity" : "swift-argument-parser",
      "kind" : "remoteSourceControl",
      "location" : "https://github.com/apple/swift-argument-parser",
      "state" : {
        "revision" : "41982a3656a71c768319979febd796c6fd111d5c",
        "version" : "1.5.0"
      }
    },
    {
      "identity" : "swift-lmdb",
      "kind" : "remoteSourceControl",
      "location" : "https://github.com/swiftlang/swift-lmdb.git",
      "state" : {
        "branch" : "release/6.3",
        "revision" : "1ad9a2d80b6fcde498c2242f509bd1be7d667ff8"
      }
    },
    {
      "identity" : "swift-syntax",
      "kind" : "remoteSourceControl",
      "location" : "https://github.com/swiftlang/swift-syntax.git",
      "state" : {
        "revision" : "2b59c0c741e9184ab057fd22950b491076d42e91",
        "version" : "603.0.0"
      }
    }
  ],
  "version" : 3
}
